
Microsoft Visual Studio Solution File, Format Version 12.00
# Visual Studio Version 17
VisualStudioVersion = 17.5.33414.496
MinimumVisualStudioVersion = 10.0.40219.1
Project("{FAE04EC0-301F-11D3-BF4B-00C04F79EFBC}") = "Euclidian theorem", "Euclidian theorem\Euclidian theorem.csproj", "{BDCF8FC2-6D21-4A06-97FF-B36541550847}"
EndProject
Global
	GlobalSection(SolutionConfigurationPlatforms) = preSolution
		Debug|Any CPU = Debug|Any CPU
		Release|Any CPU = Release|Any CPU
	EndGlobalSection
	GlobalSection(ProjectConfigurationPlatforms) = postSolution
		{BDCF8FC2-6D21-4A06-97FF-B36541550847}.Debug|Any CPU.ActiveCfg = Debug|Any CPU
		{BDCF8FC2-6D21-4A06-97FF-B36541550847}.Debug|Any CPU.Build.0 = Debug|Any CPU
		{BDCF8FC2-6D21-4A06-97FF-B36541550847}.Release|Any CPU.ActiveCfg = Release|Any CPU
		{BDCF8FC2-6D21-4A06-97FF-B36541550847}.Release|Any CPU.Build.0 = Release|Any CPU
	EndGlobalSection
	GlobalSection(SolutionProperties) = preSolution
		HideSolutionNode = FALSE
	EndGlobalSection
	GlobalSection(ExtensibilityGlobals) = postSolution
		SolutionGuid = {E6305245-8F1E-4BFC-8DFF-0E7CB9BCC8D9}
	EndGlobalSection
EndGlobal
